
Microsoft Visual Studio Solution File, Format Version 12.00
# Visual Studio Version 17
VisualStudioVersion = 17.4.33103.184
MinimumVisualStudioVersion = 10.0.40219.1
Project("{FAE04EC0-301F-11D3-BF4B-00C04F79EFBC}") = "ping-app", "ping-app\ping-app.csproj", "{886CBA91-E612-46C2-861D-823E5738A403}"
EndProject
Global
	GlobalSection(SolutionConfigurationPlatforms) = preSolution
		Debug|Any CPU = Debug|Any CPU
		Release|Any CPU = Release|Any CPU
	EndGlobalSection
	GlobalSection(ProjectConfigurationPlatforms) = postSolution
		{886CBA91-E612-46C2-861D-823E5738A403}.Debug|Any CPU.ActiveCfg = Debug|Any CPU
		{886CBA91-E612-46C2-861D-823E5738A403}.Debug|Any CPU.Build.0 = Debug|Any CPU
		{886CBA91-E612-46C2-861D-823E5738A403}.Release|Any CPU.ActiveCfg = Release|Any CPU
		{886CBA91-E612-46C2-861D-823E5738A403}.Release|Any CPU.Build.0 = Release|Any CPU
	EndGlobalSection
	GlobalSection(SolutionProperties) = preSolution
		HideSolutionNode = FALSE
	EndGlobalSection
	GlobalSection(ExtensibilityGlobals) = postSolution
		SolutionGuid = {F3318E9D-70B8-4CAF-AA87-1204FF10EC00}
	EndGlobalSection
EndGlobal
